
Microsoft Visual Studio Solution File, Format Version 12.00
# Visual Studio Version 17
VisualStudioVersion = 17.3.32922.545
MinimumVisualStudioVersion = 10.0.40219.1
Project("{9A19103F-16F7-4668-BE54-9A1E7A4F7556}") = "Challenge", "Challenge\Challenge.csproj", "{664A942E-FE5F-4F2E-950F-3778D31697D2}"
EndProject
Project("{FAE04EC0-301F-11D3-BF4B-00C04F79EFBC}") = "Challenge.Tests", "Challenge.Tests\Challenge.Tests.csproj", "{F2219E81-5007-45F1-986A-8468A6CC6256}"
	ProjectSection(ProjectDependencies) = postProject
		{664A942E-FE5F-4F2E-950F-3778D31697D2} = {664A942E-FE5F-4F2E-950F-3778D31697D2}
	EndProjectSection
EndProject
Global
	GlobalSection(SolutionConfigurationPlatforms) = preSolution
		Debug|Any CPU = Debug|Any CPU
		Release|Any CPU = Release|Any CPU
	EndGlobalSection
	GlobalSection(ProjectConfigurationPlatforms) = postSolution
		{664A942E-FE5F-4F2E-950F-3778D31697D2}.Debug|Any CPU.ActiveCfg = Debug|Any CPU
		{664A942E-FE5F-4F2E-950F-3778D31697D2}.Debug|Any CPU.Build.0 = Debug|Any CPU
		{664A942E-FE5F-4F2E-950F-3778D31697D2}.Release|Any CPU.ActiveCfg = Release|Any CPU
		{664A942E-FE5F-4F2E-950F-3778D31697D2}.Release|Any CPU.Build.0 = Release|Any CPU
		{F2219E81-5007-45F1-986A-8468A6CC6256}.Debug|Any CPU.ActiveCfg = Debug|Any CPU
		{F2219E81-5007-45F1-986A-8468A6CC6256}.Debug|Any CPU.Build.0 = Debug|Any CPU
		{F2219E81-5007-45F1-986A-8468A6CC6256}.Release|Any CPU.ActiveCfg = Release|Any CPU
		{F2219E81-5007-45F1-986A-8468A6CC6256}.Release|Any CPU.Build.0 = Release|Any CPU
	EndGlobalSection
	GlobalSection(SolutionProperties) = preSolution
		HideSolutionNode = FALSE
	EndGlobalSection
	GlobalSection(ExtensibilityGlobals) = postSolution
		SolutionGuid = {84A367B1-C305-4FE0-A8A2-EDEAB4B4C3D4}
	EndGlobalSection
EndGlobal
